// !$*UTF8*$!
{
	archiveVersion = 1;
	classes = {
	};
	objectVersion = 56;
	objects = {

/* Begin PBXBuildFile section */
		0460BC032D6F932F00F18036 /* Resultados.swift in Sources */ = {isa = PBXBuildFile; fileRef = 0460BC022D6F932F00F18036 /* Resultados.swift */; };
		0460BC052D6F986A00F18036 /* dados.swift in Sources */ = {isa = PBXBuildFile; fileRef = 0460BC042D6F986A00F18036 /* dados.swift */; };
		A783A12A2D6E511D00F31B35 /* ProjetoFinalApp.swift in Sources */ = {isa = PBXBuildFile; fileRef = A783A1292D6E511D00F31B35 /* ProjetoFinalApp.swift */; };
		A783A12C2D6E511D00F31B35 /* ContentView.swift in Sources */ = {isa = PBXBuildFile; fileRef = A783A12B2D6E511D00F31B35 /* ContentView.swift */; };
		A783A12E2D6E511E00F31B35 /* Assets.xcassets in Resources */ = {isa = PBXBuildFile; fileRef = A783A12D2D6E511E00F31B35 /* Assets.xcassets */; };
		A783A1312D6E511E00F31B35 /* Preview Assets.xcassets in Resources */ = {isa = PBXBuildFile; fileRef = A783A1302D6E511E00F31B35 /* Preview Assets.xcassets */; };
		A783A1382D6E51B000F31B35 /* Home.swift in Sources */ = {isa = PBXBuildFile; fileRef = A783A1372D6E51B000F31B35 /* Home.swift */; };
		A783A13A2D6E51BA00F31B35 /* Busca.swift in Sources */ = {isa = PBXBuildFile; fileRef = A783A1392D6E51BA00F31B35 /* Busca.swift */; };
		A783A13C2D6E51C700F31B35 /* Historico.swift in Sources */ = {isa = PBXBuildFile; fileRef = A783A13B2D6E51C700F31B35 /* Historico.swift */; };
		A783A13E2D6E51D500F31B35 /* Perfil.swift in Sources */ = {isa = PBXBuildFile; fileRef = A783A13D2D6E51D500F31B35 /* Perfil.swift */; };
/* End PBXBuildFile section */

/* Begin PBXFileReference section */
		0460BC022D6F932F00F18036 /* Resultados.swift */ = {isa = PBXFileReference; lastKnownFileType = sourcecode.swift; path = Resultados.swift; sourceTree = "<group>"; };
		0460BC042D6F986A00F18036 /* dados.swift */ = {isa = PBXFileReference; lastKnownFileType = sourcecode.swift; path = dados.swift; sourceTree = "<group>"; };
		A783A1262D6E511D00F31B35 /* ProjetoFinal.app */ = {isa = PBXFileReference; explicitFileType = wrapper.application; includeInIndex = 0; path = ProjetoFinal.app; sourceTree = BUILT_PRODUCTS_DIR; };
		A783A1292D6E511D00F31B35 /* ProjetoFinalApp.swift */ = {isa = PBXFileReference; lastKnownFileType = sourcecode.swift; path = ProjetoFinalApp.swift; sourceTree = "<group>"; };
		A783A12B2D6E511D00F31B35 /* ContentView.swift */ = {isa = PBXFileReference; lastKnownFileType = sourcecode.swift; path = ContentView.swift; sourceTree = "<group>"; };
		A783A12D2D6E511E00F31B35 /* Assets.xcassets */ = {isa = PBXFileReference; lastKnownFileType = folder.assetcatalog; path = Assets.xcassets; sourceTree = "<group>"; };
		A783A1302D6E511E00F31B35 /* Preview Assets.xcassets */ = {isa = PBXFileReference; lastKnownFileType = folder.assetcatalog; path = "Preview Assets.xcassets"; sourceTree = "<group>"; };
		A783A1372D6E51B000F31B35 /* Home.swift */ = {isa = PBXFileReference; lastKnownFileType = sourcecode.swift; path = Home.swift; sourceTree = "<group>"; };
		A783A1392D6E51BA00F31B35 /* Busca.swift */ = {isa = PBXFileReference; lastKnownFileType = sourcecode.swift; path = Busca.swift; sourceTree = "<group>"; };
		A783A13B2D6E51C700F31B35 /* Historico.swift */ = {isa = PBXFileReference; lastKnownFileType = sourcecode.swift; path = Historico.swift; sourceTree = "<group>"; };
		A783A13D2D6E51D500F31B35 /* Perfil.swift */ = {isa = PBXFileReference; lastKnownFileType = sourcecode.swift; path = Perfil.swift; sourceTree = "<group>"; };
/* End PBXFileReference section */

/* Begin PBXFrameworksBuildPhase section */
		A783A1232D6E511D00F31B35 /* Frameworks */ = {
			isa = PBXFrameworksBuildPhase;
			buildActionMask = 2147483647;
			files = (
			);
			runOnlyForDeploymentPostprocessing = 0;
		};
/* End PBXFrameworksBuildPhase section */

/* Begin PBXGroup section */
		A783A11D2D6E511D00F31B35 = {
			isa = PBXGroup;
			children = (
				A783A1282D6E511D00F31B35 /* ProjetoFinal */,
				A783A1272D6E511D00F31B35 /* Products */,
			);
			sourceTree = "<group>";
		};
		A783A1272D6E511D00F31B35 /* Products */ = {
			isa = PBXGroup;
			children = (
				A783A1262D6E511D00F31B35 /* ProjetoFinal.app */,
			);
			name = Products;
			sourceTree = "<group>";
		};
		A783A1282D6E511D00F31B35 /* ProjetoFinal */ = {
			isa = PBXGroup;
			children = (
				0460BC022D6F932F00F18036 /* Resultados.swift */,
				A783A1292D6E511D00F31B35 /* ProjetoFinalApp.swift */,
				A783A12B2D6E511D00F31B35 /* ContentView.swift */,
				A783A1372D6E51B000F31B35 /* Home.swift */,
				A783A1392D6E51BA00F31B35 /* Busca.swift */,
				A783A13B2D6E51C700F31B35 /* Historico.swift */,
				A783A13D2D6E51D500F31B35 /* Perfil.swift */,
				A783A12D2D6E511E00F31B35 /* Assets.xcassets */,
				A783A12F2D6E511E00F31B35 /* Preview Content */,
				0460BC042D6F986A00F18036 /* dados.swift */,
			);
			path = ProjetoFinal;
			sourceTree = "<group>";
		};
		A783A12F2D6E511E00F31B35 /* Preview Content */ = {
			isa = PBXGroup;
			children = (
				A783A1302D6E511E00F31B35 /* Preview Assets.xcassets */,
			);
			path = "Preview Content";
			sourceTree = "<group>";
		};
/* End PBXGroup section */

/* Begin PBXNativeTarget section */
		A783A1252D6E511D00F31B35 /* ProjetoFinal */ = {
			isa = PBXNativeTarget;
			buildConfigurationList = A783A1342D6E511E00F31B35 /* Build configuration list for PBXNativeTarget "ProjetoFinal" */;
			buildPhases = (
				A783A1222D6E511D00F31B35 /* Sources */,
				A783A1232D6E511D00F31B35 /* Frameworks */,
				A783A1242D6E511D00F31B35 /* Resources */,
			);
			buildRules = (
			);
			dependencies = (
			);
			name = ProjetoFinal;
			productName = ProjetoFinal;
			productReference = A783A1262D6E511D00F31B35 /* ProjetoFinal.app */;
			productType = "com.apple.product-type.application";
		};
/* End PBXNativeTarget section */

/* Begin PBXProject section */
		A783A11E2D6E511D00F31B35 /* Project object */ = {
			isa = PBXProject;
			attributes = {
				BuildIndependentTargetsInParallel = 1;
				LastSwiftUpdateCheck = 1540;
				LastUpgradeCheck = 1540;
				TargetAttributes = {
					A783A1252D6E511D00F31B35 = {
						CreatedOnToolsVersion = 15.4;
					};
				};
			};
			buildConfigurationList = A783A1212D6E511D00F31B35 /* Build configuration list for PBXProject "ProjetoFinal" */;
			compatibilityVersion = "Xcode 14.0";
			developmentRegion = en;
			hasScannedForEncodings = 0;
			knownRegions = (
				en,
				Base,
			);
			mainGroup = A783A11D2D6E511D00F31B35;
			productRefGroup = A783A1272D6E511D00F31B35 /* Products */;
			projectDirPath = "";
			projectRoot = "";
			targets = (
				A783A1252D6E511D00F31B35 /* ProjetoFinal */,
			);
		};
/* End PBXProject section */

/* Begin PBXResourcesBuildPhase section */
		A783A1242D6E511D00F31B35 /* Resources */ = {
			isa = PBXResourcesBuildPhase;
			buildActionMask = 2147483647;
			files = (
				A783A1312D6E511E00F31B35 /* Preview Assets.xcassets in Resources */,
				A783A12E2D6E511E00F31B35 /* Assets.xcassets in Resources */,
			);
			runOnlyForDeploymentPostprocessing = 0;
		};
/* End PBXResourcesBuildPhase section */

/* Begin PBXSourcesBuildPhase section */
		A783A1222D6E511D00F31B35 /* Sources */ = {
			isa = PBXSourcesBuildPhase;
			buildActionMask = 2147483647;
			files = (
				A783A13A2D6E51BA00F31B35 /* Busca.swift in Sources */,
				0460BC052D6F986A00F18036 /* dados.swift in Sources */,
				A783A13C2D6E51C700F31B35 /* Historico.swift in Sources */,
				A783A12C2D6E511D00F31B35 /* ContentView.swift in Sources */,
				0460BC032D6F932F00F18036 /* Resultados.swift in Sources */,
				A783A13E2D6E51D500F31B35 /* Perfil.swift in Sources */,
				A783A1382D6E51B000F31B35 /* Home.swift in Sources */,
				A783A12A2D6E511D00F31B35 /* ProjetoFinalApp.swift in Sources */,
			);
			runOnlyForDeploymentPostprocessing = 0;
		};
/* End PBXSourcesBuildPhase section */

/* Begin XCBuildConfiguration section */
		A783A1322D6E511E00F31B35 /* Debug */ = {
			isa = XCBuildConfiguration;
			buildSettings = {
				ALWAYS_SEARCH_USER_PATHS = NO;
				ASSETCATALOG_COMPILER_GENERATE_SWIFT_ASSET_SYMBOL_EXTENSIONS = YES;
				CLANG_ANALYZER_NONNULL = YES;
				CLANG_ANALYZER_NUMBER_OBJECT_CONVERSION = YES_AGGRESSIVE;
				CLANG_CXX_LANGUAGE_STANDARD = "gnu++20";
				CLANG_ENABLE_MODULES = YES;
				CLANG_ENABLE_OBJC_ARC = YES;
				CLANG_ENABLE_OBJC_WEAK = YES;
				CLANG_WARN_BLOCK_CAPTURE_AUTORELEASING = YES;
				CLANG_WARN_BOOL_CONVERSION = YES;
				CLANG_WARN_COMMA = YES;
				CLANG_WARN_CONSTANT_CONVERSION = YES;
				CLANG_WARN_DEPRECATED_OBJC_IMPLEMENTATIONS = YES;
				CLANG_WARN_DIRECT_OBJC_ISA_USAGE = YES_ERROR;
				CLANG_WARN_DOCUMENTATION_COMMENTS = YES;
				CLANG_WARN_EMPTY_BODY = YES;
				CLANG_WARN_ENUM_CONVERSION = YES;
				CLANG_WARN_INFINITE_RECURSION = YES;
				CLANG_WARN_INT_CONVERSION = YES;
				CLANG_WARN_NON_LITERAL_NULL_CONVERSION = YES;
				CLANG_WARN_OBJC_IMPLICIT_RETAIN_SELF = YES;
				CLANG_WARN_OBJC_LITERAL_CONVERSION = YES;
				CLANG_WARN_OBJC_ROOT_CLASS = YES_ERROR;
				CLANG_WARN_QUOTED_INCLUDE_IN_FRAMEWORK_HEADER = YES;
				CLANG_WARN_RANGE_LOOP_ANALYSIS = YES;
				CLANG_WARN_STRICT_PROTOTYPES = YES;
				CLANG_WARN_SUSPICIOUS_MOVE = YES;
				CLANG_WARN_UNGUARDED_AVAILABILITY = YES_AGGRESSIVE;
				CLANG_WARN_UNREACHABLE_CODE = YES;
				CLANG_WARN__DUPLICATE_METHOD_MATCH = YES;
				COPY_PHASE_STRIP = NO;
				DEBUG_INFORMATION_FORMAT = dwarf;
				ENABLE_STRICT_OBJC_MSGSEND = YES;
				ENABLE_TESTABILITY = YES;
				ENABLE_USER_SCRIPT_SANDBOXING = YES;
				GCC_C_LANGUAGE_STANDARD = gnu17;
				GCC_DYNAMIC_NO_PIC = NO;
				GCC_NO_COMMON_BLOCKS = YES;
				GCC_OPTIMIZATION_LEVEL = 0;
				GCC_PREPROCESSOR_DEFINITIONS = (
					"DEBUG=1",
					"$(inherited)",
				);
				GCC_WARN_64_TO_32_BIT_CONVERSION = YES;
				GCC_WARN_ABOUT_RETURN_TYPE = YES_ERROR;
				GCC_WARN_UNDECLARED_SELECTOR = YES;
				GCC_WARN_UNINITIALIZED_AUTOS = YES_AGGRESSIVE;
				GCC_WARN_UNUSED_FUNCTION = YES;
				GCC_WARN_UNUSED_VARIABLE = YES;
				IPHONEOS_DEPLOYMENT_TARGET = 17.5;
				LOCALIZATION_PREFERS_STRING_CATALOGS = YES;
				MTL_ENABLE_DEBUG_INFO = INCLUDE_SOURCE;
				MTL_FAST_MATH = YES;
				ONLY_ACTIVE_ARCH = YES;
				SDKROOT = iphoneos;
				SWIFT_ACTIVE_COMPILATION_CONDITIONS = "DEBUG $(inherited)";
				SWIFT_OPTIMIZATION_LEVEL = "-Onone";
			};
			name = Debug;
		};
		A783A1332D6E511E00F31B35 /* Release */ = {
			isa = XCBuildConfiguration;
			buildSettings = {
				ALWAYS_SEARCH_USER_PATHS = NO;
				ASSETCATALOG_COMPILER_GENERATE_SWIFT_ASSET_SYMBOL_EXTENSIONS = YES;
				CLANG_ANALYZER_NONNULL = YES;
				CLANG_ANALYZER_NUMBER_OBJECT_CONVERSION = YES_AGGRESSIVE;
				CLANG_CXX_LANGUAGE_STANDARD = "gnu++20";
				CLANG_ENABLE_MODULES = YES;
				CLANG_ENABLE_OBJC_ARC = YES;
				CLANG_ENABLE_OBJC_WEAK = YES;
				CLANG_WARN_BLOCK_CAPTURE_AUTORELEASING = YES;
				CLANG_WARN_BOOL_CONVERSION = YES;
				CLANG_WARN_COMMA = YES;
				CLANG_WARN_CONSTANT_CONVERSION = YES;
				CLANG_WARN_DEPRECATED_OBJC_IMPLEMENTATIONS = YES;
				CLANG_WARN_DIRECT_OBJC_ISA_USAGE = YES_ERROR;
				CLANG_WARN_DOCUMENTATION_COMMENTS = YES;
				CLANG_WARN_EMPTY_BODY = YES;
				CLANG_WARN_ENUM_CONVERSION = YES;
				CLANG_WARN_INFINITE_RECURSION = YES;
				CLANG_WARN_INT_CONVERSION = YES;
				CLANG_WARN_NON_LITERAL_NULL_CONVERSION = YES;
				CLANG_WARN_OBJC_IMPLICIT_RETAIN_SELF = YES;
				CLANG_WARN_OBJC_LITERAL_CONVERSION = YES;
				CLANG_WARN_OBJC_ROOT_CLASS = YES_ERROR;
				CLANG_WARN_QUOTED_INCLUDE_IN_FRAMEWORK_HEADER = YES;
				CLANG_WARN_RANGE_LOOP_ANALYSIS = YES;
				CLANG_WARN_STRICT_PROTOTYPES = YES;
				CLANG_WARN_SUSPICIOUS_MOVE = YES;
				CLANG_WARN_UNGUARDED_AVAILABILITY = YES_AGGRESSIVE;
				CLANG_WARN_UNREACHABLE_CODE = YES;
				CLANG_WARN__DUPLICATE_METHOD_MATCH = YES;
				COPY_PHASE_STRIP = NO;
				DEBUG_INFORMATION_FORMAT = "dwarf-with-dsym";
				ENABLE_NS_ASSERTIONS = NO;
				ENABLE_STRICT_OBJC_MSGSEND = YES;
				ENABLE_USER_SCRIPT_SANDBOXING = YES;
				GCC_C_LANGUAGE_STANDARD = gnu17;
				GCC_NO_COMMON_BLOCKS = YES;
				GCC_WARN_64_TO_32_BIT_CONVERSION = YES;
				GCC_WARN_ABOUT_RETURN_TYPE = YES_ERROR;
				GCC_WARN_UNDECLARED_SELECTOR = YES;
				GCC_WARN_UNINITIALIZED_AUTOS = YES_AGGRESSIVE;
				GCC_WARN_UNUSED_FUNCTION = YES;
				GCC_WARN_UNUSED_VARIABLE = YES;
				IPHONEOS_DEPLOYMENT_TARGET = 17.5;
				LOCALIZATION_PREFERS_STRING_CATALOGS = YES;
				MTL_ENABLE_DEBUG_INFO = NO;
				MTL_FAST_MATH = YES;
				SDKROOT = iphoneos;
				SWIFT_COMPILATION_MODE = wholemodule;
				VALIDATE_PRODUCT = YES;
			};
			name = Release;
		};
		A783A1352D6E511E00F31B35 /* Debug */ = {
			isa = XCBuildConfiguration;
			buildSettings = {
				ASSETCATALOG_COMPILER_APPICON_NAME = AppIcon;
				ASSETCATALOG_COMPILER_GLOBAL_ACCENT_COLOR_NAME = AccentColor;
				CODE_SIGN_STYLE = Automatic;
				CURRENT_PROJECT_VERSION = 1;
				DEVELOPMENT_ASSET_PATHS = "\"ProjetoFinal/Preview Content\"";
				ENABLE_PREVIEWS = YES;
				GENERATE_INFOPLIST_FILE = YES;
				INFOPLIST_KEY_UIApplicationSceneManifest_Generation = YES;
				INFOPLIST_KEY_UIApplicationSupportsIndirectInputEvents = YES;
				INFOPLIST_KEY_UILaunchScreen_Generation = YES;
				INFOPLIST_KEY_UISupportedInterfaceOrientations_iPad = "UIInterfaceOrientationPortrait UIInterfaceOrientationPortraitUpsideDown UIInterfaceOrientationLandscapeLeft UIInterfaceOrientationLandscapeRight";
				INFOPLIST_KEY_UISupportedInterfaceOrientations_iPhone = "UIInterfaceOrientationPortrait UIInterfaceOrientationLandscapeLeft UIInterfaceOrientationLandscapeRight";
				LD_RUNPATH_SEARCH_PATHS = (
					"$(inherited)",
					"@executable_path/Frameworks",
				);
				MARKETING_VERSION = 1.0;
				PRODUCT_BUNDLE_IDENTIFIER = rafael.melo.ProjetoFinal;
				PRODUCT_NAME = "$(TARGET_NAME)";
				SWIFT_EMIT_LOC_STRINGS = YES;
				SWIFT_VERSION = 5.0;
				TARGETED_DEVICE_FAMILY = "1,2";
			};
			name = Debug;
		};
		A783A1362D6E511E00F31B35 /* Release */ = {
			isa = XCBuildConfiguration;
			buildSettings = {
				ASSETCATALOG_COMPILER_APPICON_NAME = AppIcon;
				ASSETCATALOG_COMPILER_GLOBAL_ACCENT_COLOR_NAME = AccentColor;
				CODE_SIGN_STYLE = Automatic;
				CURRENT_PROJECT_VERSION = 1;
				DEVELOPMENT_ASSET_PATHS = "\"ProjetoFinal/Preview Content\"";
				ENABLE_PREVIEWS = YES;
				GENERATE_INFOPLIST_FILE = YES;
				INFOPLIST_KEY_UIApplicationSceneManifest_Generation = YES;
				INFOPLIST_KEY_UIApplicationSupportsIndirectInputEvents = YES;
				INFOPLIST_KEY_UILaunchScreen_Generation = YES;
				INFOPLIST_KEY_UISupportedInterfaceOrientations_iPad = "UIInterfaceOrientationPortrait UIInterfaceOrientationPortraitUpsideDown UIInterfaceOrientationLandscapeLeft UIInterfaceOrientationLandscapeRight";
				INFOPLIST_KEY_UISupportedInterfaceOrientations_iPhone = "UIInterfaceOrientationPortrait UIInterfaceOrientationLandscapeLeft UIInterfaceOrientationLandscapeRight";
				LD_RUNPATH_SEARCH_PATHS = (
					"$(inherited)",
					"@executable_path/Frameworks",
				);
				MARKETING_VERSION = 1.0;
				PRODUCT_BUNDLE_IDENTIFIER = rafael.melo.ProjetoFinal;
				PRODUCT_NAME = "$(TARGET_NAME)";
				SWIFT_EMIT_LOC_STRINGS = YES;
				SWIFT_VERSION = 5.0;
				TARGETED_DEVICE_FAMILY = "1,2";
			};
			name = Release;
		};
/* End XCBuildConfiguration section */

/* Begin XCConfigurationList section */
		A783A1212D6E511D00F31B35 /* Build configuration list for PBXProject "ProjetoFinal" */ = {
			isa = XCConfigurationList;
			buildConfigurations = (
				A783A1322D6E511E00F31B35 /* Debug */,
				A783A1332D6E511E00F31B35 /* Release */,
			);
			defaultConfigurationIsVisible = 0;
			defaultConfigurationName = Release;
		};
		A783A1342D6E511E00F31B35 /* Build configuration list for PBXNativeTarget "ProjetoFinal" */ = {
			isa = XCConfigurationList;
			buildConfigurations = (
				A783A1352D6E511E00F31B35 /* Debug */,
				A783A1362D6E511E00F31B35 /* Release */,
			);
			defaultConfigurationIsVisible = 0;
			defaultConfigurationName = Release;
		};
/* End XCConfigurationList section */
	};
	rootObject = A783A11E2D6E511D00F31B35 /* Project object */;
}
